
Microsoft Visual Studio Solution File, Format Version 12.00
Project("{8BC9CEB8-8B4A-11D0-8D11-00A0C91BC942}") = "VR Test Solution", "VR Test Solution.vcxproj", "{EF5BBB3E-E20B-40D1-8B5B-98ABEC925F01}"
EndProject
Global
	GlobalSection(SolutionConfigurationPlatforms) = preSolution
		Debug|Win32 = Debug|Win32
		Debug|x64 = Debug|x64
		Release|Win32 = Release|Win32
		Release|x64 = Release|x64
	EndGlobalSection
	GlobalSection(ProjectConfigurationPlatforms) = postSolution
		{EF5BBB3E-E20B-40D1-8B5B-98ABEC925F01}.Debug|Win32.ActiveCfg = Debug|Win32
		{EF5BBB3E-E20B-40D1-8B5B-98ABEC925F01}.Debug|Win32.Build.0 = Debug|Win32
		{EF5BBB3E-E20B-40D1-8B5B-98ABEC925F01}.Debug|x64.ActiveCfg = Debug|x64
		{EF5BBB3E-E20B-40D1-8B5B-98ABEC925F01}.Debug|x64.Build.0 = Debug|x64
		{EF5BBB3E-E20B-40D1-8B5B-98ABEC925F01}.Release|Win32.ActiveCfg = Release|Win32
		{EF5BBB3E-E20B-40D1-8B5B-98ABEC925F01}.Release|Win32.Build.0 = Release|Win32
		{EF5BBB3E-E20B-40D1-8B5B-98ABEC925F01}.Release|x64.ActiveCfg = Release|x64
		{EF5BBB3E-E20B-40D1-8B5B-98ABEC925F01}.Release|x64.Build.0 = Release|x64
	EndGlobalSection
EndGlobal
